
Microsoft Visual Studio Solution File, Format Version 12.00
# Visual Studio Version 16
VisualStudioVersion = 16.0.28803.452
MinimumVisualStudioVersion = 10.0.40219.1
Project("{FAE04EC0-301F-11D3-BF4B-00C04F79EFBC}") = "GetFileVersionInfoProperty", "GetFileVersionInfoProperty\GetFileVersionInfoProperty.csproj", "{2AE9027B-D8BE-47A1-95C6-B1B0F867CA0F}"
EndProject
Global
	GlobalSection(SolutionConfigurationPlatforms) = preSolution
		Debug|Any CPU = Debug|Any CPU
		Release|Any CPU = Release|Any CPU
	EndGlobalSection
	GlobalSection(ProjectConfigurationPlatforms) = postSolution
		{2AE9027B-D8BE-47A1-95C6-B1B0F867CA0F}.Debug|Any CPU.ActiveCfg = Debug|Any CPU
		{2AE9027B-D8BE-47A1-95C6-B1B0F867CA0F}.Debug|Any CPU.Build.0 = Debug|Any CPU
		{2AE9027B-D8BE-47A1-95C6-B1B0F867CA0F}.Release|Any CPU.ActiveCfg = Release|Any CPU
		{2AE9027B-D8BE-47A1-95C6-B1B0F867CA0F}.Release|Any CPU.Build.0 = Release|Any CPU
	EndGlobalSection
	GlobalSection(SolutionProperties) = preSolution
		HideSolutionNode = FALSE
	EndGlobalSection
	GlobalSection(ExtensibilityGlobals) = postSolution
		SolutionGuid = {6A62C095-316E-4B28-8C2B-DEBF2EFED9AE}
	EndGlobalSection
EndGlobal
